// !$*UTF8*$!
{
	archiveVersion = 1;
	classes = {
	};
	objectVersion = 46;
	objects = {

/* Begin PBXBuildFile section */
		125830E81A9F106200931438 /* main.m in Sources */ = {isa = PBXBuildFile; fileRef = 125830E71A9F106200931438 /* main.m */; };
		125830EB1A9F106200931438 /* AppDelegate.m in Sources */ = {isa = PBXBuildFile; fileRef = 125830EA1A9F106200931438 /* AppDelegate.m */; };
		125830F11A9F106200931438 /* Main.storyboard in Resources */ = {isa = PBXBuildFile; fileRef = 125830EF1A9F106200931438 /* Main.storyboard */; };
		125830F31A9F106200931438 /* Images.xcassets in Resources */ = {isa = PBXBuildFile; fileRef = 125830F21A9F106200931438 /* Images.xcassets */; };
		125830F61A9F106200931438 /* LaunchScreen.xib in Resources */ = {isa = PBXBuildFile; fileRef = 125830F41A9F106200931438 /* LaunchScreen.xib */; };
		125831021A9F106200931438 /* customKeyboardTests.m in Sources */ = {isa = PBXBuildFile; fileRef = 125831011A9F106200931438 /* customKeyboardTests.m */; };
		125831101A9F194700931438 /* LVViewController.m in Sources */ = {isa = PBXBuildFile; fileRef = 1258310F1A9F194700931438 /* LVViewController.m */; };
		12D998A51AE9E80600D15A72 /* UIView+Extension.m in Sources */ = {isa = PBXBuildFile; fileRef = 12D998A41AE9E80600D15A72 /* UIView+Extension.m */; };
		D9BC38D41AB7308A005C7E7D /* LVKeyboardView.m in Sources */ = {isa = PBXBuildFile; fileRef = D9BC38D31AB7308A005C7E7D /* LVKeyboardView.m */; };
		D9BC38D71AB730DB005C7E7D /* LVKeyboardAccessoryBtn.m in Sources */ = {isa = PBXBuildFile; fileRef = D9BC38D61AB730DB005C7E7D /* LVKeyboardAccessoryBtn.m */; };
/* End PBXBuildFile section */

/* Begin PBXContainerItemProxy section */
		125830FC1A9F106200931438 /* PBXContainerItemProxy */ = {
			isa = PBXContainerItemProxy;
			containerPortal = 125830DA1A9F106200931438 /* Project object */;
			proxyType = 1;
			remoteGlobalIDString = 125830E11A9F106200931438;
			remoteInfo = customKeyboard;
		};
/* End PBXContainerItemProxy section */

/* Begin PBXFileReference section */
		125830E21A9F106200931438 /* customKeyboard.app */ = {isa = PBXFileReference; explicitFileType = wrapper.application; includeInIndex = 0; path = customKeyboard.app; sourceTree = BUILT_PRODUCTS_DIR; };
		125830E61A9F106200931438 /* Info.plist */ = {isa = PBXFileReference; lastKnownFileType = text.plist.xml; path = Info.plist; sourceTree = "<group>"; };
		125830E71A9F106200931438 /* main.m */ = {isa = PBXFileReference; lastKnownFileType = sourcecode.c.objc; path = main.m; sourceTree = "<group>"; };
		125830E91A9F106200931438 /* AppDelegate.h */ = {isa = PBXFileReference; lastKnownFileType = sourcecode.c.h; path = AppDelegate.h; sourceTree = "<group>"; };
		125830EA1A9F106200931438 /* AppDelegate.m */ = {isa = PBXFileReference; lastKnownFileType = sourcecode.c.objc; path = AppDelegate.m; sourceTree = "<group>"; };
		125830F01A9F106200931438 /* Base */ = {isa = PBXFileReference; lastKnownFileType = file.storyboard; name = Base; path = Base.lproj/Main.storyboard; sourceTree = "<group>"; };
		125830F21A9F106200931438 /* Images.xcassets */ = {isa = PBXFileReference; lastKnownFileType = folder.assetcatalog; path = Images.xcassets; sourceTree = "<group>"; };
		125830F51A9F106200931438 /* Base */ = {isa = PBXFileReference; lastKnownFileType = file.xib; name = Base; path = Base.lproj/LaunchScreen.xib; sourceTree = "<group>"; };
		125830FB1A9F106200931438 /* customKeyboardTests.xctest */ = {isa = PBXFileReference; explicitFileType = wrapper.cfbundle; includeInIndex = 0; path = customKeyboardTests.xctest; sourceTree = BUILT_PRODUCTS_DIR; };
		125831001A9F106200931438 /* Info.plist */ = {isa = PBXFileReference; lastKnownFileType = text.plist.xml; path = Info.plist; sourceTree = "<group>"; };
		125831011A9F106200931438 /* customKeyboardTests.m */ = {isa = PBXFileReference; lastKnownFileType = sourcecode.c.objc; path = customKeyboardTests.m; sourceTree = "<group>"; };
		1258310E1A9F194700931438 /* LVViewController.h */ = {isa = PBXFileReference; fileEncoding = 4; lastKnownFileType = sourcecode.c.h; path = LVViewController.h; sourceTree = "<group>"; };
		1258310F1A9F194700931438 /* LVViewController.m */ = {isa = PBXFileReference; fileEncoding = 4; lastKnownFileType = sourcecode.c.objc; path = LVViewController.m; sourceTree = "<group>"; };
		12D998A31AE9E80600D15A72 /* UIView+Extension.h */ = {isa = PBXFileReference; fileEncoding = 4; lastKnownFileType = sourcecode.c.h; path = "UIView+Extension.h"; sourceTree = "<group>"; };
		12D998A41AE9E80600D15A72 /* UIView+Extension.m */ = {isa = PBXFileReference; fileEncoding = 4; lastKnownFileType = sourcecode.c.objc; path = "UIView+Extension.m"; sourceTree = "<group>"; };
		D9BC38D21AB7308A005C7E7D /* LVKeyboardView.h */ = {isa = PBXFileReference; fileEncoding = 4; lastKnownFileType = sourcecode.c.h; path = LVKeyboardView.h; sourceTree = "<group>"; };
		D9BC38D31AB7308A005C7E7D /* LVKeyboardView.m */ = {isa = PBXFileReference; fileEncoding = 4; lastKnownFileType = sourcecode.c.objc; path = LVKeyboardView.m; sourceTree = "<group>"; };
		D9BC38D51AB730DB005C7E7D /* LVKeyboardAccessoryBtn.h */ = {isa = PBXFileReference; fileEncoding = 4; lastKnownFileType = sourcecode.c.h; path = LVKeyboardAccessoryBtn.h; sourceTree = "<group>"; };
		D9BC38D61AB730DB005C7E7D /* LVKeyboardAccessoryBtn.m */ = {isa = PBXFileReference; fileEncoding = 4; lastKnownFileType = sourcecode.c.objc; path = LVKeyboardAccessoryBtn.m; sourceTree = "<group>"; };
/* End PBXFileReference section */

/* Begin PBXFrameworksBuildPhase section */
		125830DF1A9F106200931438 /* Frameworks */ = {
			isa = PBXFrameworksBuildPhase;
			buildActionMask = 2147483647;
			files = (
			);
			runOnlyForDeploymentPostprocessing = 0;
		};
		125830F81A9F106200931438 /* Frameworks */ = {
			isa = PBXFrameworksBuildPhase;
			buildActionMask = 2147483647;
			files = (
			);
			runOnlyForDeploymentPostprocessing = 0;
		};
/* End PBXFrameworksBuildPhase section */

/* Begin PBXGroup section */
		125830D91A9F106200931438 = {
			isa = PBXGroup;
			children = (
				125830E41A9F106200931438 /* customKeyboard */,
				125830FE1A9F106200931438 /* customKeyboardTests */,
				125830E31A9F106200931438 /* Products */,
			);
			sourceTree = "<group>";
		};
		125830E31A9F106200931438 /* Products */ = {
			isa = PBXGroup;
			children = (
				125830E21A9F106200931438 /* customKeyboard.app */,
				125830FB1A9F106200931438 /* customKeyboardTests.xctest */,
			);
			name = Products;
			sourceTree = "<group>";
		};
		125830E41A9F106200931438 /* customKeyboard */ = {
			isa = PBXGroup;
			children = (
				D9BC38D11AB7308A005C7E7D /* CustomKeyboard */,
				125830E91A9F106200931438 /* AppDelegate.h */,
				125830EA1A9F106200931438 /* AppDelegate.m */,
				125830EF1A9F106200931438 /* Main.storyboard */,
				125830F21A9F106200931438 /* Images.xcassets */,
				125830F41A9F106200931438 /* LaunchScreen.xib */,
				125830E51A9F106200931438 /* Supporting Files */,
				1258310E1A9F194700931438 /* LVViewController.h */,
				1258310F1A9F194700931438 /* LVViewController.m */,
			);
			path = customKeyboard;
			sourceTree = "<group>";
		};
		125830E51A9F106200931438 /* Supporting Files */ = {
			isa = PBXGroup;
			children = (
				125830E61A9F106200931438 /* Info.plist */,
				125830E71A9F106200931438 /* main.m */,
			);
			name = "Supporting Files";
			sourceTree = "<group>";
		};
		125830FE1A9F106200931438 /* customKeyboardTests */ = {
			isa = PBXGroup;
			children = (
				125831011A9F106200931438 /* customKeyboardTests.m */,
				125830FF1A9F106200931438 /* Supporting Files */,
			);
			path = customKeyboardTests;
			sourceTree = "<group>";
		};
		125830FF1A9F106200931438 /* Supporting Files */ = {
			isa = PBXGroup;
			children = (
				125831001A9F106200931438 /* Info.plist */,
			);
			name = "Supporting Files";
			sourceTree = "<group>";
		};
		D9BC38D11AB7308A005C7E7D /* CustomKeyboard */ = {
			isa = PBXGroup;
			children = (
				12D998A31AE9E80600D15A72 /* UIView+Extension.h */,
				12D998A41AE9E80600D15A72 /* UIView+Extension.m */,
				D9BC38D51AB730DB005C7E7D /* LVKeyboardAccessoryBtn.h */,
				D9BC38D61AB730DB005C7E7D /* LVKeyboardAccessoryBtn.m */,
				D9BC38D21AB7308A005C7E7D /* LVKeyboardView.h */,
				D9BC38D31AB7308A005C7E7D /* LVKeyboardView.m */,
			);
			path = CustomKeyboard;
			sourceTree = "<group>";
		};
/* End PBXGroup section */

/* Begin PBXNativeTarget section */
		125830E11A9F106200931438 /* customKeyboard */ = {
			isa = PBXNativeTarget;
			buildConfigurationList = 125831051A9F106200931438 /* Build configuration list for PBXNativeTarget "customKeyboard" */;
			buildPhases = (
				125830DE1A9F106200931438 /* Sources */,
				125830DF1A9F106200931438 /* Frameworks */,
				125830E01A9F106200931438 /* Resources */,
			);
			buildRules = (
			);
			dependencies = (
			);
			name = customKeyboard;
			productName = customKeyboard;
			productReference = 125830E21A9F106200931438 /* customKeyboard.app */;
			productType = "com.apple.product-type.application";
		};
		125830FA1A9F106200931438 /* customKeyboardTests */ = {
			isa = PBXNativeTarget;
			buildConfigurationList = 125831081A9F106200931438 /* Build configuration list for PBXNativeTarget "customKeyboardTests" */;
			buildPhases = (
				125830F71A9F106200931438 /* Sources */,
				125830F81A9F106200931438 /* Frameworks */,
				125830F91A9F106200931438 /* Resources */,
			);
			buildRules = (
			);
			dependencies = (
				125830FD1A9F106200931438 /* PBXTargetDependency */,
			);
			name = customKeyboardTests;
			productName = customKeyboardTests;
			productReference = 125830FB1A9F106200931438 /* customKeyboardTests.xctest */;
			productType = "com.apple.product-type.bundle.unit-test";
		};
/* End PBXNativeTarget section */

/* Begin PBXProject section */
		125830DA1A9F106200931438 /* Project object */ = {
			isa = PBXProject;
			attributes = {
				CLASSPREFIX = LV;
				LastUpgradeCheck = 0610;
				ORGANIZATIONNAME = liuchunlao;
				TargetAttributes = {
					125830E11A9F106200931438 = {
						CreatedOnToolsVersion = 6.1;
					};
					125830FA1A9F106200931438 = {
						CreatedOnToolsVersion = 6.1;
						TestTargetID = 125830E11A9F106200931438;
					};
				};
			};
			buildConfigurationList = 125830DD1A9F106200931438 /* Build configuration list for PBXProject "customKeyboard" */;
			compatibilityVersion = "Xcode 3.2";
			developmentRegion = English;
			hasScannedForEncodings = 0;
			knownRegions = (
				en,
				Base,
			);
			mainGroup = 125830D91A9F106200931438;
			productRefGroup = 125830E31A9F106200931438 /* Products */;
			projectDirPath = "";
			projectRoot = "";
			targets = (
				125830E11A9F106200931438 /* customKeyboard */,
				125830FA1A9F106200931438 /* customKeyboardTests */,
			);
		};
/* End PBXProject section */

/* Begin PBXResourcesBuildPhase section */
		125830E01A9F106200931438 /* Resources */ = {
			isa = PBXResourcesBuildPhase;
			buildActionMask = 2147483647;
			files = (
				125830F11A9F106200931438 /* Main.storyboard in Resources */,
				125830F61A9F106200931438 /* LaunchScreen.xib in Resources */,
				125830F31A9F106200931438 /* Images.xcassets in Resources */,
			);
			runOnlyForDeploymentPostprocessing = 0;
		};
		125830F91A9F106200931438 /* Resources */ = {
			isa = PBXResourcesBuildPhase;
			buildActionMask = 2147483647;
			files = (
			);
			runOnlyForDeploymentPostprocessing = 0;
		};
/* End PBXResourcesBuildPhase section */

/* Begin PBXSourcesBuildPhase section */
		125830DE1A9F106200931438 /* Sources */ = {
			isa = PBXSourcesBuildPhase;
			buildActionMask = 2147483647;
			files = (
				12D998A51AE9E80600D15A72 /* UIView+Extension.m in Sources */,
				125830EB1A9F106200931438 /* AppDelegate.m in Sources */,
				D9BC38D71AB730DB005C7E7D /* LVKeyboardAccessoryBtn.m in Sources */,
				125830E81A9F106200931438 /* main.m in Sources */,
				125831101A9F194700931438 /* LVViewController.m in Sources */,
				D9BC38D41AB7308A005C7E7D /* LVKeyboardView.m in Sources */,
			);
			runOnlyForDeploymentPostprocessing = 0;
		};
		125830F71A9F106200931438 /* Sources */ = {
			isa = PBXSourcesBuildPhase;
			buildActionMask = 2147483647;
			files = (
				125831021A9F106200931438 /* customKeyboardTests.m in Sources */,
			);
			runOnlyForDeploymentPostprocessing = 0;
		};
/* End PBXSourcesBuildPhase section */

/* Begin PBXTargetDependency section */
		125830FD1A9F106200931438 /* PBXTargetDependency */ = {
			isa = PBXTargetDependency;
			target = 125830E11A9F106200931438 /* customKeyboard */;
			targetProxy = 125830FC1A9F106200931438 /* PBXContainerItemProxy */;
		};
/* End PBXTargetDependency section */

/* Begin PBXVariantGroup section */
		125830EF1A9F106200931438 /* Main.storyboard */ = {
			isa = PBXVariantGroup;
			children = (
				125830F01A9F106200931438 /* Base */,
			);
			name = Main.storyboard;
			sourceTree = "<group>";
		};
		125830F41A9F106200931438 /* LaunchScreen.xib */ = {
			isa = PBXVariantGroup;
			children = (
				125830F51A9F106200931438 /* Base */,
			);
			name = LaunchScreen.xib;
			sourceTree = "<group>";
		};
/* End PBXVariantGroup section */

/* Begin XCBuildConfiguration section */
		125831031A9F106200931438 /* Debug */ = {
			isa = XCBuildConfiguration;
			buildSettings = {
				ALWAYS_SEARCH_USER_PATHS = NO;
				CLANG_CXX_LANGUAGE_STANDARD = "gnu++0x";
				CLANG_CXX_LIBRARY = "libc++";
				CLANG_ENABLE_MODULES = YES;
				CLANG_ENABLE_OBJC_ARC = YES;
				CLANG_WARN_BOOL_CONVERSION = YES;
				CLANG_WARN_CONSTANT_CONVERSION = YES;
				CLANG_WARN_DIRECT_OBJC_ISA_USAGE = YES_ERROR;
				CLANG_WARN_EMPTY_BODY = YES;
				CLANG_WARN_ENUM_CONVERSION = YES;
				CLANG_WARN_INT_CONVERSION = YES;
				CLANG_WARN_OBJC_ROOT_CLASS = YES_ERROR;
				CLANG_WARN_UNREACHABLE_CODE = YES;
				CLANG_WARN__DUPLICATE_METHOD_MATCH = YES;
				"CODE_SIGN_IDENTITY[sdk=iphoneos*]" = "iPhone Developer";
				COPY_PHASE_STRIP = NO;
				ENABLE_STRICT_OBJC_MSGSEND = YES;
				GCC_C_LANGUAGE_STANDARD = gnu99;
				GCC_DYNAMIC_NO_PIC = NO;
				GCC_OPTIMIZATION_LEVEL = 0;
				GCC_PREPROCESSOR_DEFINITIONS = (
					"DEBUG=1",
					"$(inherited)",
				);
				GCC_SYMBOLS_PRIVATE_EXTERN = NO;
				GCC_WARN_64_TO_32_BIT_CONVERSION = YES;
				GCC_WARN_ABOUT_RETURN_TYPE = YES_ERROR;
				GCC_WARN_UNDECLARED_SELECTOR = YES;
				GCC_WARN_UNINITIALIZED_AUTOS = YES_AGGRESSIVE;
				GCC_WARN_UNUSED_FUNCTION = YES;
				GCC_WARN_UNUSED_VARIABLE = YES;
				IPHONEOS_DEPLOYMENT_TARGET = 8.1;
				MTL_ENABLE_DEBUG_INFO = YES;
				ONLY_ACTIVE_ARCH = YES;
				SDKROOT = iphoneos;
				TARGETED_DEVICE_FAMILY = "1,2";
			};
			name = Debug;
		};
		125831041A9F106200931438 /* Release */ = {
			isa = XCBuildConfiguration;
			buildSettings = {
				ALWAYS_SEARCH_USER_PATHS = NO;
				CLANG_CXX_LANGUAGE_STANDARD = "gnu++0x";
				CLANG_CXX_LIBRARY = "libc++";
				CLANG_ENABLE_MODULES = YES;
				CLANG_ENABLE_OBJC_ARC = YES;
				CLANG_WARN_BOOL_CONVERSION = YES;
				CLANG_WARN_CONSTANT_CONVERSION = YES;
				CLANG_WARN_DIRECT_OBJC_ISA_USAGE = YES_ERROR;
				CLANG_WARN_EMPTY_BODY = YES;
				CLANG_WARN_ENUM_CONVERSION = YES;
				CLANG_WARN_INT_CONVERSION = YES;
				CLANG_WARN_OBJC_ROOT_CLASS = YES_ERROR;
				CLANG_WARN_UNREACHABLE_CODE = YES;
				CLANG_WARN__DUPLICATE_METHOD_MATCH = YES;
				"CODE_SIGN_IDENTITY[sdk=iphoneos*]" = "iPhone Developer";
				COPY_PHASE_STRIP = YES;
				ENABLE_NS_ASSERTIONS = NO;
				ENABLE_STRICT_OBJC_MSGSEND = YES;
				GCC_C_LANGUAGE_STANDARD = gnu99;
				GCC_WARN_64_TO_32_BIT_CONVERSION = YES;
				GCC_WARN_ABOUT_RETURN_TYPE = YES_ERROR;
				GCC_WARN_UNDECLARED_SELECTOR = YES;
				GCC_WARN_UNINITIALIZED_AUTOS = YES_AGGRESSIVE;
				GCC_WARN_UNUSED_FUNCTION = YES;
				GCC_WARN_UNUSED_VARIABLE = YES;
				IPHONEOS_DEPLOYMENT_TARGET = 8.1;
				MTL_ENABLE_DEBUG_INFO = NO;
				SDKROOT = iphoneos;
				TARGETED_DEVICE_FAMILY = "1,2";
				VALIDATE_PRODUCT = YES;
			};
			name = Release;
		};
		125831061A9F106200931438 /* Debug */ = {
			isa = XCBuildConfiguration;
			buildSettings = {
				ASSETCATALOG_COMPILER_APPICON_NAME = AppIcon;
				CODE_SIGN_IDENTITY = "iPhone Developer: Ma Jian (9953G4MM3C)";
				INFOPLIST_FILE = customKeyboard/Info.plist;
				IPHONEOS_DEPLOYMENT_TARGET = 7.0;
				LD_RUNPATH_SEARCH_PATHS = "$(inherited) @executable_path/Frameworks";
				PRODUCT_NAME = "$(TARGET_NAME)";
				PROVISIONING_PROFILE = "";
			};
			name = Debug;
		};
		125831071A9F106200931438 /* Release */ = {
			isa = XCBuildConfiguration;
			buildSettings = {
				ASSETCATALOG_COMPILER_APPICON_NAME = AppIcon;
				"CODE_SIGN_IDENTITY[sdk=iphoneos*]" = "";
				INFOPLIST_FILE = customKeyboard/Info.plist;
				IPHONEOS_DEPLOYMENT_TARGET = 7.0;
				LD_RUNPATH_SEARCH_PATHS = "$(inherited) @executable_path/Frameworks";
				PRODUCT_NAME = "$(TARGET_NAME)";
				PROVISIONING_PROFILE = "";
			};
			name = Release;
		};
		125831091A9F106200931438 /* Debug */ = {
			isa = XCBuildConfiguration;
			buildSettings = {
				BUNDLE_LOADER = "$(TEST_HOST)";
				FRAMEWORK_SEARCH_PATHS = (
					"$(SDKROOT)/Developer/Library/Frameworks",
					"$(inherited)",
				);
				GCC_PREPROCESSOR_DEFINITIONS = (
					"DEBUG=1",
					"$(inherited)",
				);
				INFOPLIST_FILE = customKeyboardTests/Info.plist;
				LD_RUNPATH_SEARCH_PATHS = "$(inherited) @executable_path/Frameworks @loader_path/Frameworks";
				PRODUCT_NAME = "$(TARGET_NAME)";
				TEST_HOST = "$(BUILT_PRODUCTS_DIR)/customKeyboard.app/customKeyboard";
			};
			name = Debug;
		};
		1258310A1A9F106200931438 /* Release */ = {
			isa = XCBuildConfiguration;
			buildSettings = {
				BUNDLE_LOADER = "$(TEST_HOST)";
				FRAMEWORK_SEARCH_PATHS = (
					"$(SDKROOT)/Developer/Library/Frameworks",
					"$(inherited)",
				);
				INFOPLIST_FILE = customKeyboardTests/Info.plist;
				LD_RUNPATH_SEARCH_PATHS = "$(inherited) @executable_path/Frameworks @loader_path/Frameworks";
				PRODUCT_NAME = "$(TARGET_NAME)";
				TEST_HOST = "$(BUILT_PRODUCTS_DIR)/customKeyboard.app/customKeyboard";
			};
			name = Release;
		};
/* End XCBuildConfiguration section */

/* Begin XCConfigurationList section */
		125830DD1A9F106200931438 /* Build configuration list for PBXProject "customKeyboard" */ = {
			isa = XCConfigurationList;
			buildConfigurations = (
				125831031A9F106200931438 /* Debug */,
				125831041A9F106200931438 /* Release */,
			);
			defaultConfigurationIsVisible = 0;
			defaultConfigurationName = Release;
		};
		125831051A9F106200931438 /* Build configuration list for PBXNativeTarget "customKeyboard" */ = {
			isa = XCConfigurationList;
			buildConfigurations = (
				125831061A9F106200931438 /* Debug */,
				125831071A9F106200931438 /* Release */,
			);
			defaultConfigurationIsVisible = 0;
			defaultConfigurationName = Release;
		};
		125831081A9F106200931438 /* Build configuration list for PBXNativeTarget "customKeyboardTests" */ = {
			isa = XCConfigurationList;
			buildConfigurations = (
				125831091A9F106200931438 /* Debug */,
				1258310A1A9F106200931438 /* Release */,
			);
			defaultConfigurationIsVisible = 0;
			defaultConfigurationName = Release;
		};
/* End XCConfigurationList section */
	};
	rootObject = 125830DA1A9F106200931438 /* Project object */;
}
